/maps/projects/lundbeck/scratch/sslib_devel/mapped/bams/106503P-iadk-LV2002541205-P5s-srmQ-E-300bp-B4-control-rSAP.md.bam
/maps/projects/lundbeck/scratch/sslib_devel/mapped/bams/106503P-iadk-LV2002541205-P5s-srmQ-E-300bp-A2-control.md.bam
/maps/projects/lundbeck/scratch/sslib_devel/mapped/bams/106503P-iadk-LV2002541205-P5s-srmQ-E-300bp-C7-cutsmart.md.bam
/maps/projects/lundbeck/scratch/sslib_devel/mapped/bams/106503P-iadk-LV2002541205-P5s-srmQ-E-300bp-D10-cutsmart-rSAP.md.bam
/maps/projects/lundbeck/scratch/sslib_devel/mapped/tmp/106503P-iadk-LV2002541205-P5s-srmQ-E-300bp-B4-control-rSAP.merged.bam
/maps/projects/lundbeck/scratch/sslib_devel/mapped/tmp/106503P-iadk-LV2002541205-P5s-srmQ-E-300bp-B4-control-rSAP_S92_L001.paired.mapped.bam
/maps/projects/lundbeck/scratch/sslib_devel/mapped/tmp/106503P-iadk-LV2002541205-P5s-srmQ-E-300bp-B4-control-rSAP_S92_L002.paired.mapped.bam
/maps/projects/lundbeck/scratch/sslib_devel/mapped/tmp/106503P-iadk-LV2002541205-P5s-srmQ-E-300bp-B4-control-rSAP_S92_L004.paired.mapped.bam
/maps/projects/lundbeck/scratch/sslib_devel/mapped/tmp/106503P-iadk-LV2002541205-P5s-srmQ-E-300bp-B4-control-rSAP_S92_L003.paired.mapped.bam
/maps/projects/lundbeck/scratch/sslib_devel/mapped/tmp/106503P-iadk-LV2002541205-P5s-srmQ-E-300bp-B4-control-rSAP_S92_L001.collapsed.mapped.bam
/maps/projects/lundbeck/scratch/sslib_devel/mapped/tmp/106503P-iadk-LV2002541205-P5s-srmQ-E-300bp-B4-control-rSAP_S92_L002.collapsed.mapped.bam
/maps/projects/lundbeck/scratch/sslib_devel/mapped/tmp/106503P-iadk-LV2002541205-P5s-srmQ-E-300bp-B4-control-rSAP_S92_L004.collapsed.mapped.bam
/maps/projects/lundbeck/scratch/sslib_devel/mapped/tmp/106503P-iadk-LV2002541205-P5s-srmQ-E-300bp-B4-control-rSAP_S92_L003.collapsed.mapped.bam
/maps/projects/lundbeck/scratch/sslib_devel/mapped/tmp/106503P-iadk-LV2002541205-P5s-srmQ-E-300bp-B4-control-rSAP_S92_L001.paired.bam
/maps/projects/lundbeck/scratch/sslib_devel/mapped/tmp/106503P-iadk-LV2002541205-P5s-srmQ-E-300bp-B4-control-rSAP_S92_L001.paired.sam
/maps/projects/lundbeck/scratch/sslib_devel/mapped/trimmed/106503P-iadk-LV2002541205-P5s-srmQ-E-300bp-B4-control-rSAP_S92_L001.pair1.truncated.gz
/maps/projects/lundbeck/scratch/sslib_devel/mapped/tmp/106503P-iadk-LV2002541205-P5s-srmQ-E-300bp-B4-control-rSAP_S92_L001.pair1.truncated.gz.sai
/maps/projects/lundbeck/scratch/sslib_devel/mapped/trimmed/106503P-iadk-LV2002541205-P5s-srmQ-E-300bp-B4-control-rSAP_S92_L001.pair2.truncated.gz
/maps/projects/lundbeck/scratch/sslib_devel/mapped/tmp/106503P-iadk-LV2002541205-P5s-srmQ-E-300bp-B4-control-rSAP_S92_L001.pair2.truncated.gz.sai
/maps/projects/lundbeck/scratch/sslib_devel/fastqs/106503P-iadk-LV2002541205-P5s-srmQ-E-300bp-B4-control-rSAP_S92_L001_R1_001.fastq.gz
/maps/projects/lundbeck/scratch/sslib_devel/fastqs/106503P-iadk-LV2002541205-P5s-srmQ-E-300bp-B4-control-rSAP_S92_L001_R2_001.fastq.gz
/maps/projects/lundbeck/scratch/sslib_devel/mapped/trimmed/106503P-iadk-LV2002541205-P5s-srmQ-E-300bp-B4-control-rSAP_S92_L001.pair1.truncated.gz
/maps/projects/lundbeck/scratch/sslib_devel/mapped/trimmed/106503P-iadk-LV2002541205-P5s-srmQ-E-300bp-B4-control-rSAP_S92_L001.pair2.truncated.gz
/maps/projects/lundbeck/scratch/sslib_devel/mapped/tmp/106503P-iadk-LV2002541205-P5s-srmQ-E-300bp-B4-control-rSAP_S92_L002.paired.bam
/maps/projects/lundbeck/scratch/sslib_devel/mapped/tmp/106503P-iadk-LV2002541205-P5s-srmQ-E-300bp-B4-control-rSAP_S92_L002.paired.sam
/maps/projects/lundbeck/scratch/sslib_devel/mapped/trimmed/106503P-iadk-LV2002541205-P5s-srmQ-E-300bp-B4-control-rSAP_S92_L002.pair1.truncated.gz
/maps/projects/lundbeck/scratch/sslib_devel/mapped/tmp/106503P-iadk-LV2002541205-P5s-srmQ-E-300bp-B4-control-rSAP_S92_L002.pair1.truncated.gz.sai
/maps/projects/lundbeck/scratch/sslib_devel/mapped/trimmed/106503P-iadk-LV2002541205-P5s-srmQ-E-300bp-B4-control-rSAP_S92_L002.pair2.truncated.gz
/maps/projects/lundbeck/scratch/sslib_devel/mapped/tmp/106503P-iadk-LV2002541205-P5s-srmQ-E-300bp-B4-control-rSAP_S92_L002.pair2.truncated.gz.sai
/maps/projects/lundbeck/scratch/sslib_devel/fastqs/106503P-iadk-LV2002541205-P5s-srmQ-E-300bp-B4-control-rSAP_S92_L002_R1_001.fastq.gz
/maps/projects/lundbeck/scratch/sslib_devel/fastqs/106503P-iadk-LV2002541205-P5s-srmQ-E-300bp-B4-control-rSAP_S92_L002_R2_001.fastq.gz
/maps/projects/lundbeck/scratch/sslib_devel/mapped/trimmed/106503P-iadk-LV2002541205-P5s-srmQ-E-300bp-B4-control-rSAP_S92_L002.pair1.truncated.gz
/maps/projects/lundbeck/scratch/sslib_devel/mapped/trimmed/106503P-iadk-LV2002541205-P5s-srmQ-E-300bp-B4-control-rSAP_S92_L002.pair2.truncated.gz
/maps/projects/lundbeck/scratch/sslib_devel/mapped/tmp/106503P-iadk-LV2002541205-P5s-srmQ-E-300bp-B4-control-rSAP_S92_L004.paired.bam
/maps/projects/lundbeck/scratch/sslib_devel/mapped/tmp/106503P-iadk-LV2002541205-P5s-srmQ-E-300bp-B4-control-rSAP_S92_L004.paired.sam
/maps/projects/lundbeck/scratch/sslib_devel/mapped/trimmed/106503P-iadk-LV2002541205-P5s-srmQ-E-300bp-B4-control-rSAP_S92_L004.pair1.truncated.gz
/maps/projects/lundbeck/scratch/sslib_devel/mapped/tmp/106503P-iadk-LV2002541205-P5s-srmQ-E-300bp-B4-control-rSAP_S92_L004.pair1.truncated.gz.sai
/maps/projects/lundbeck/scratch/sslib_devel/mapped/trimmed/106503P-iadk-LV2002541205-P5s-srmQ-E-300bp-B4-control-rSAP_S92_L004.pair2.truncated.gz
/maps/projects/lundbeck/scratch/sslib_devel/mapped/tmp/106503P-iadk-LV2002541205-P5s-srmQ-E-300bp-B4-control-rSAP_S92_L004.pair2.truncated.gz.sai
/maps/projects/lundbeck/scratch/sslib_devel/fastqs/106503P-iadk-LV2002541205-P5s-srmQ-E-300bp-B4-control-rSAP_S92_L004_R1_001.fastq.gz
/maps/projects/lundbeck/scratch/sslib_devel/fastqs/106503P-iadk-LV2002541205-P5s-srmQ-E-300bp-B4-control-rSAP_S92_L004_R2_001.fastq.gz
/maps/projects/lundbeck/scratch/sslib_devel/mapped/trimmed/106503P-iadk-LV2002541205-P5s-srmQ-E-300bp-B4-control-rSAP_S92_L004.pair1.truncated.gz
/maps/projects/lundbeck/scratch/sslib_devel/mapped/trimmed/106503P-iadk-LV2002541205-P5s-srmQ-E-300bp-B4-control-rSAP_S92_L004.pair2.truncated.gz
/maps/projects/lundbeck/scratch/sslib_devel/mapped/tmp/106503P-iadk-LV2002541205-P5s-srmQ-E-300bp-B4-control-rSAP_S92_L003.paired.bam
/maps/projects/lundbeck/scratch/sslib_devel/mapped/tmp/106503P-iadk-LV2002541205-P5s-srmQ-E-300bp-B4-control-rSAP_S92_L003.paired.sam
/maps/projects/lundbeck/scratch/sslib_devel/mapped/trimmed/106503P-iadk-LV2002541205-P5s-srmQ-E-300bp-B4-control-rSAP_S92_L003.pair1.truncated.gz
/maps/projects/lundbeck/scratch/sslib_devel/mapped/tmp/106503P-iadk-LV2002541205-P5s-srmQ-E-300bp-B4-control-rSAP_S92_L003.pair1.truncated.gz.sai
/maps/projects/lundbeck/scratch/sslib_devel/mapped/trimmed/106503P-iadk-LV2002541205-P5s-srmQ-E-300bp-B4-control-rSAP_S92_L003.pair2.truncated.gz
/maps/projects/lundbeck/scratch/sslib_devel/mapped/tmp/106503P-iadk-LV2002541205-P5s-srmQ-E-300bp-B4-control-rSAP_S92_L003.pair2.truncated.gz.sai
/maps/projects/lundbeck/scratch/sslib_devel/fastqs/106503P-iadk-LV2002541205-P5s-srmQ-E-300bp-B4-control-rSAP_S92_L003_R1_001.fastq.gz
/maps/projects/lundbeck/scratch/sslib_devel/fastqs/106503P-iadk-LV2002541205-P5s-srmQ-E-300bp-B4-control-rSAP_S92_L003_R2_001.fastq.gz
/maps/projects/lundbeck/scratch/sslib_devel/mapped/trimmed/106503P-iadk-LV2002541205-P5s-srmQ-E-300bp-B4-control-rSAP_S92_L003.pair1.truncated.gz
/maps/projects/lundbeck/scratch/sslib_devel/mapped/trimmed/106503P-iadk-LV2002541205-P5s-srmQ-E-300bp-B4-control-rSAP_S92_L003.pair2.truncated.gz
/maps/projects/lundbeck/scratch/sslib_devel/mapped/tmp/106503P-iadk-LV2002541205-P5s-srmQ-E-300bp-B4-control-rSAP_S92_L001.collapsed.bam
/maps/projects/lundbeck/scratch/sslib_devel/mapped/tmp/106503P-iadk-LV2002541205-P5s-srmQ-E-300bp-B4-control-rSAP_S92_L001.collapsed.sam
/maps/projects/lundbeck/scratch/sslib_devel/mapped/trimmed/106503P-iadk-LV2002541205-P5s-srmQ-E-300bp-B4-control-rSAP_S92_L001.collapsed.gz
/maps/projects/lundbeck/scratch/sslib_devel/mapped/tmp/106503P-iadk-LV2002541205-P5s-srmQ-E-300bp-B4-control-rSAP_S92_L001.collapsed.gz.sai
/maps/projects/lundbeck/scratch/sslib_devel/mapped/trimmed/106503P-iadk-LV2002541205-P5s-srmQ-E-300bp-B4-control-rSAP_S92_L001.collapsed.gz
/maps/projects/lundbeck/scratch/sslib_devel/mapped/tmp/106503P-iadk-LV2002541205-P5s-srmQ-E-300bp-B4-control-rSAP_S92_L002.collapsed.bam
/maps/projects/lundbeck/scratch/sslib_devel/mapped/tmp/106503P-iadk-LV2002541205-P5s-srmQ-E-300bp-B4-control-rSAP_S92_L002.collapsed.sam
/maps/projects/lundbeck/scratch/sslib_devel/mapped/trimmed/106503P-iadk-LV2002541205-P5s-srmQ-E-300bp-B4-control-rSAP_S92_L002.collapsed.gz
/maps/projects/lundbeck/scratch/sslib_devel/mapped/tmp/106503P-iadk-LV2002541205-P5s-srmQ-E-300bp-B4-control-rSAP_S92_L002.collapsed.gz.sai
/maps/projects/lundbeck/scratch/sslib_devel/mapped/trimmed/106503P-iadk-LV2002541205-P5s-srmQ-E-300bp-B4-control-rSAP_S92_L002.collapsed.gz
/maps/projects/lundbeck/scratch/sslib_devel/mapped/tmp/106503P-iadk-LV2002541205-P5s-srmQ-E-300bp-B4-control-rSAP_S92_L004.collapsed.bam
/maps/projects/lundbeck/scratch/sslib_devel/mapped/tmp/106503P-iadk-LV2002541205-P5s-srmQ-E-300bp-B4-control-rSAP_S92_L004.collapsed.sam
/maps/projects/lundbeck/scratch/sslib_devel/mapped/trimmed/106503P-iadk-LV2002541205-P5s-srmQ-E-300bp-B4-control-rSAP_S92_L004.collapsed.gz
/maps/projects/lundbeck/scratch/sslib_devel/mapped/tmp/106503P-iadk-LV2002541205-P5s-srmQ-E-300bp-B4-control-rSAP_S92_L004.collapsed.gz.sai
/maps/projects/lundbeck/scratch/sslib_devel/mapped/trimmed/106503P-iadk-LV2002541205-P5s-srmQ-E-300bp-B4-control-rSAP_S92_L004.collapsed.gz
/maps/projects/lundbeck/scratch/sslib_devel/mapped/tmp/106503P-iadk-LV2002541205-P5s-srmQ-E-300bp-B4-control-rSAP_S92_L003.collapsed.bam
/maps/projects/lundbeck/scratch/sslib_devel/mapped/tmp/106503P-iadk-LV2002541205-P5s-srmQ-E-300bp-B4-control-rSAP_S92_L003.collapsed.sam
/maps/projects/lundbeck/scratch/sslib_devel/mapped/trimmed/106503P-iadk-LV2002541205-P5s-srmQ-E-300bp-B4-control-rSAP_S92_L003.collapsed.gz
/maps/projects/lundbeck/scratch/sslib_devel/mapped/tmp/106503P-iadk-LV2002541205-P5s-srmQ-E-300bp-B4-control-rSAP_S92_L003.collapsed.gz.sai
/maps/projects/lundbeck/scratch/sslib_devel/mapped/trimmed/106503P-iadk-LV2002541205-P5s-srmQ-E-300bp-B4-control-rSAP_S92_L003.collapsed.gz
/maps/projects/lundbeck/scratch/sslib_devel/mapped/tmp/106503P-iadk-LV2002541205-P5s-srmQ-E-300bp-A2-control.merged.bam
/maps/projects/lundbeck/scratch/sslib_devel/mapped/tmp/106503P-iadk-LV2002541205-P5s-srmQ-E-300bp-A2-control_S91_L001.paired.mapped.bam
/maps/projects/lundbeck/scratch/sslib_devel/mapped/tmp/106503P-iadk-LV2002541205-P5s-srmQ-E-300bp-A2-control_S91_L002.paired.mapped.bam
/maps/projects/lundbeck/scratch/sslib_devel/mapped/tmp/106503P-iadk-LV2002541205-P5s-srmQ-E-300bp-A2-control_S91_L004.paired.mapped.bam
/maps/projects/lundbeck/scratch/sslib_devel/mapped/tmp/106503P-iadk-LV2002541205-P5s-srmQ-E-300bp-A2-control_S91_L003.paired.mapped.bam
/maps/projects/lundbeck/scratch/sslib_devel/mapped/tmp/106503P-iadk-LV2002541205-P5s-srmQ-E-300bp-A2-control_S91_L001.collapsed.mapped.bam
/maps/projects/lundbeck/scratch/sslib_devel/mapped/tmp/106503P-iadk-LV2002541205-P5s-srmQ-E-300bp-A2-control_S91_L002.collapsed.mapped.bam
/maps/projects/lundbeck/scratch/sslib_devel/mapped/tmp/106503P-iadk-LV2002541205-P5s-srmQ-E-300bp-A2-control_S91_L004.collapsed.mapped.bam
/maps/projects/lundbeck/scratch/sslib_devel/mapped/tmp/106503P-iadk-LV2002541205-P5s-srmQ-E-300bp-A2-control_S91_L003.collapsed.mapped.bam
/maps/projects/lundbeck/scratch/sslib_devel/mapped/tmp/106503P-iadk-LV2002541205-P5s-srmQ-E-300bp-A2-control_S91_L001.paired.bam
/maps/projects/lundbeck/scratch/sslib_devel/mapped/tmp/106503P-iadk-LV2002541205-P5s-srmQ-E-300bp-A2-control_S91_L001.paired.sam
/maps/projects/lundbeck/scratch/sslib_devel/mapped/trimmed/106503P-iadk-LV2002541205-P5s-srmQ-E-300bp-A2-control_S91_L001.pair1.truncated.gz
/maps/projects/lundbeck/scratch/sslib_devel/mapped/tmp/106503P-iadk-LV2002541205-P5s-srmQ-E-300bp-A2-control_S91_L001.pair1.truncated.gz.sai
/maps/projects/lundbeck/scratch/sslib_devel/mapped/trimmed/106503P-iadk-LV2002541205-P5s-srmQ-E-300bp-A2-control_S91_L001.pair2.truncated.gz
/maps/projects/lundbeck/scratch/sslib_devel/mapped/tmp/106503P-iadk-LV2002541205-P5s-srmQ-E-300bp-A2-control_S91_L001.pair2.truncated.gz.sai
/maps/projects/lundbeck/scratch/sslib_devel/fastqs/106503P-iadk-LV2002541205-P5s-srmQ-E-300bp-A2-control_S91_L001_R1_001.fastq.gz
/maps/projects/lundbeck/scratch/sslib_devel/fastqs/106503P-iadk-LV2002541205-P5s-srmQ-E-300bp-A2-control_S91_L001_R2_001.fastq.gz
/maps/projects/lundbeck/scratch/sslib_devel/mapped/trimmed/106503P-iadk-LV2002541205-P5s-srmQ-E-300bp-A2-control_S91_L001.pair1.truncated.gz
/maps/projects/lundbeck/scratch/sslib_devel/mapped/trimmed/106503P-iadk-LV2002541205-P5s-srmQ-E-300bp-A2-control_S91_L001.pair2.truncated.gz
/maps/projects/lundbeck/scratch/sslib_devel/mapped/tmp/106503P-iadk-LV2002541205-P5s-srmQ-E-300bp-A2-control_S91_L002.paired.bam
/maps/projects/lundbeck/scratch/sslib_devel/mapped/tmp/106503P-iadk-LV2002541205-P5s-srmQ-E-300bp-A2-control_S91_L002.paired.sam
/maps/projects/lundbeck/scratch/sslib_devel/mapped/trimmed/106503P-iadk-LV2002541205-P5s-srmQ-E-300bp-A2-control_S91_L002.pair1.truncated.gz
/maps/projects/lundbeck/scratch/sslib_devel/mapped/tmp/106503P-iadk-LV2002541205-P5s-srmQ-E-300bp-A2-control_S91_L002.pair1.truncated.gz.sai
/maps/projects/lundbeck/scratch/sslib_devel/mapped/trimmed/106503P-iadk-LV2002541205-P5s-srmQ-E-300bp-A2-control_S91_L002.pair2.truncated.gz
/maps/projects/lundbeck/scratch/sslib_devel/mapped/tmp/106503P-iadk-LV2002541205-P5s-srmQ-E-300bp-A2-control_S91_L002.pair2.truncated.gz.sai
/maps/projects/lundbeck/scratch/sslib_devel/fastqs/106503P-iadk-LV2002541205-P5s-srmQ-E-300bp-A2-control_S91_L002_R1_001.fastq.gz
/maps/projects/lundbeck/scratch/sslib_devel/fastqs/106503P-iadk-LV2002541205-P5s-srmQ-E-300bp-A2-control_S91_L002_R2_001.fastq.gz
/maps/projects/lundbeck/scratch/sslib_devel/mapped/trimmed/106503P-iadk-LV2002541205-P5s-srmQ-E-300bp-A2-control_S91_L002.pair1.truncated.gz
/maps/projects/lundbeck/scratch/sslib_devel/mapped/trimmed/106503P-iadk-LV2002541205-P5s-srmQ-E-300bp-A2-control_S91_L002.pair2.truncated.gz
/maps/projects/lundbeck/scratch/sslib_devel/mapped/tmp/106503P-iadk-LV2002541205-P5s-srmQ-E-300bp-A2-control_S91_L004.paired.bam
/maps/projects/lundbeck/scratch/sslib_devel/mapped/tmp/106503P-iadk-LV2002541205-P5s-srmQ-E-300bp-A2-control_S91_L004.paired.sam
/maps/projects/lundbeck/scratch/sslib_devel/mapped/trimmed/106503P-iadk-LV2002541205-P5s-srmQ-E-300bp-A2-control_S91_L004.pair1.truncated.gz
/maps/projects/lundbeck/scratch/sslib_devel/mapped/tmp/106503P-iadk-LV2002541205-P5s-srmQ-E-300bp-A2-control_S91_L004.pair1.truncated.gz.sai
/maps/projects/lundbeck/scratch/sslib_devel/mapped/trimmed/106503P-iadk-LV2002541205-P5s-srmQ-E-300bp-A2-control_S91_L004.pair2.truncated.gz
/maps/projects/lundbeck/scratch/sslib_devel/mapped/tmp/106503P-iadk-LV2002541205-P5s-srmQ-E-300bp-A2-control_S91_L004.pair2.truncated.gz.sai
/maps/projects/lundbeck/scratch/sslib_devel/fastqs/106503P-iadk-LV2002541205-P5s-srmQ-E-300bp-A2-control_S91_L004_R1_001.fastq.gz
/maps/projects/lundbeck/scratch/sslib_devel/fastqs/106503P-iadk-LV2002541205-P5s-srmQ-E-300bp-A2-control_S91_L004_R2_001.fastq.gz
/maps/projects/lundbeck/scratch/sslib_devel/mapped/trimmed/106503P-iadk-LV2002541205-P5s-srmQ-E-300bp-A2-control_S91_L004.pair1.truncated.gz
/maps/projects/lundbeck/scratch/sslib_devel/mapped/trimmed/106503P-iadk-LV2002541205-P5s-srmQ-E-300bp-A2-control_S91_L004.pair2.truncated.gz
/maps/projects/lundbeck/scratch/sslib_devel/mapped/tmp/106503P-iadk-LV2002541205-P5s-srmQ-E-300bp-A2-control_S91_L003.paired.bam
/maps/projects/lundbeck/scratch/sslib_devel/mapped/tmp/106503P-iadk-LV2002541205-P5s-srmQ-E-300bp-A2-control_S91_L003.paired.sam
/maps/projects/lundbeck/scratch/sslib_devel/mapped/trimmed/106503P-iadk-LV2002541205-P5s-srmQ-E-300bp-A2-control_S91_L003.pair1.truncated.gz
/maps/projects/lundbeck/scratch/sslib_devel/mapped/tmp/106503P-iadk-LV2002541205-P5s-srmQ-E-300bp-A2-control_S91_L003.pair1.truncated.gz.sai
/maps/projects/lundbeck/scratch/sslib_devel/mapped/trimmed/106503P-iadk-LV2002541205-P5s-srmQ-E-300bp-A2-control_S91_L003.pair2.truncated.gz
/maps/projects/lundbeck/scratch/sslib_devel/mapped/tmp/106503P-iadk-LV2002541205-P5s-srmQ-E-300bp-A2-control_S91_L003.pair2.truncated.gz.sai
/maps/projects/lundbeck/scratch/sslib_devel/fastqs/106503P-iadk-LV2002541205-P5s-srmQ-E-300bp-A2-control_S91_L003_R1_001.fastq.gz
/maps/projects/lundbeck/scratch/sslib_devel/fastqs/106503P-iadk-LV2002541205-P5s-srmQ-E-300bp-A2-control_S91_L003_R2_001.fastq.gz
/maps/projects/lundbeck/scratch/sslib_devel/mapped/trimmed/106503P-iadk-LV2002541205-P5s-srmQ-E-300bp-A2-control_S91_L003.pair1.truncated.gz
/maps/projects/lundbeck/scratch/sslib_devel/mapped/trimmed/106503P-iadk-LV2002541205-P5s-srmQ-E-300bp-A2-control_S91_L003.pair2.truncated.gz
/maps/projects/lundbeck/scratch/sslib_devel/mapped/tmp/106503P-iadk-LV2002541205-P5s-srmQ-E-300bp-A2-control_S91_L001.collapsed.bam
/maps/projects/lundbeck/scratch/sslib_devel/mapped/tmp/106503P-iadk-LV2002541205-P5s-srmQ-E-300bp-A2-control_S91_L001.collapsed.sam
/maps/projects/lundbeck/scratch/sslib_devel/mapped/trimmed/106503P-iadk-LV2002541205-P5s-srmQ-E-300bp-A2-control_S91_L001.collapsed.gz
/maps/projects/lundbeck/scratch/sslib_devel/mapped/tmp/106503P-iadk-LV2002541205-P5s-srmQ-E-300bp-A2-control_S91_L001.collapsed.gz.sai
/maps/projects/lundbeck/scratch/sslib_devel/mapped/trimmed/106503P-iadk-LV2002541205-P5s-srmQ-E-300bp-A2-control_S91_L001.collapsed.gz
/maps/projects/lundbeck/scratch/sslib_devel/mapped/tmp/106503P-iadk-LV2002541205-P5s-srmQ-E-300bp-A2-control_S91_L002.collapsed.bam
/maps/projects/lundbeck/scratch/sslib_devel/mapped/tmp/106503P-iadk-LV2002541205-P5s-srmQ-E-300bp-A2-control_S91_L002.collapsed.sam
/maps/projects/lundbeck/scratch/sslib_devel/mapped/trimmed/106503P-iadk-LV2002541205-P5s-srmQ-E-300bp-A2-control_S91_L002.collapsed.gz
/maps/projects/lundbeck/scratch/sslib_devel/mapped/tmp/106503P-iadk-LV2002541205-P5s-srmQ-E-300bp-A2-control_S91_L002.collapsed.gz.sai
/maps/projects/lundbeck/scratch/sslib_devel/mapped/trimmed/106503P-iadk-LV2002541205-P5s-srmQ-E-300bp-A2-control_S91_L002.collapsed.gz
/maps/projects/lundbeck/scratch/sslib_devel/mapped/tmp/106503P-iadk-LV2002541205-P5s-srmQ-E-300bp-A2-control_S91_L004.collapsed.bam
/maps/projects/lundbeck/scratch/sslib_devel/mapped/tmp/106503P-iadk-LV2002541205-P5s-srmQ-E-300bp-A2-control_S91_L004.collapsed.sam
/maps/projects/lundbeck/scratch/sslib_devel/mapped/trimmed/106503P-iadk-LV2002541205-P5s-srmQ-E-300bp-A2-control_S91_L004.collapsed.gz
/maps/projects/lundbeck/scratch/sslib_devel/mapped/tmp/106503P-iadk-LV2002541205-P5s-srmQ-E-300bp-A2-control_S91_L004.collapsed.gz.sai
/maps/projects/lundbeck/scratch/sslib_devel/mapped/trimmed/106503P-iadk-LV2002541205-P5s-srmQ-E-300bp-A2-control_S91_L004.collapsed.gz
/maps/projects/lundbeck/scratch/sslib_devel/mapped/tmp/106503P-iadk-LV2002541205-P5s-srmQ-E-300bp-A2-control_S91_L003.collapsed.bam
/maps/projects/lundbeck/scratch/sslib_devel/mapped/tmp/106503P-iadk-LV2002541205-P5s-srmQ-E-300bp-A2-control_S91_L003.collapsed.sam
/maps/projects/lundbeck/scratch/sslib_devel/mapped/trimmed/106503P-iadk-LV2002541205-P5s-srmQ-E-300bp-A2-control_S91_L003.collapsed.gz
/maps/projects/lundbeck/scratch/sslib_devel/mapped/tmp/106503P-iadk-LV2002541205-P5s-srmQ-E-300bp-A2-control_S91_L003.collapsed.gz.sai
/maps/projects/lundbeck/scratch/sslib_devel/mapped/trimmed/106503P-iadk-LV2002541205-P5s-srmQ-E-300bp-A2-control_S91_L003.collapsed.gz
/maps/projects/lundbeck/scratch/sslib_devel/mapped/tmp/106503P-iadk-LV2002541205-P5s-srmQ-E-300bp-C7-cutsmart.merged.bam
/maps/projects/lundbeck/scratch/sslib_devel/mapped/tmp/106503P-iadk-LV2002541205-P5s-srmQ-E-300bp-C7-cutsmart_S93_L002.paired.mapped.bam
/maps/projects/lundbeck/scratch/sslib_devel/mapped/tmp/106503P-iadk-LV2002541205-P5s-srmQ-E-300bp-C7-cutsmart_S93_L001.paired.mapped.bam
/maps/projects/lundbeck/scratch/sslib_devel/mapped/tmp/106503P-iadk-LV2002541205-P5s-srmQ-E-300bp-C7-cutsmart_S93_L003.paired.mapped.bam
/maps/projects/lundbeck/scratch/sslib_devel/mapped/tmp/106503P-iadk-LV2002541205-P5s-srmQ-E-300bp-C7-cutsmart_S93_L004.paired.mapped.bam
/maps/projects/lundbeck/scratch/sslib_devel/mapped/tmp/106503P-iadk-LV2002541205-P5s-srmQ-E-300bp-C7-cutsmart_S93_L002.collapsed.mapped.bam
/maps/projects/lundbeck/scratch/sslib_devel/mapped/tmp/106503P-iadk-LV2002541205-P5s-srmQ-E-300bp-C7-cutsmart_S93_L001.collapsed.mapped.bam
/maps/projects/lundbeck/scratch/sslib_devel/mapped/tmp/106503P-iadk-LV2002541205-P5s-srmQ-E-300bp-C7-cutsmart_S93_L003.collapsed.mapped.bam
/maps/projects/lundbeck/scratch/sslib_devel/mapped/tmp/106503P-iadk-LV2002541205-P5s-srmQ-E-300bp-C7-cutsmart_S93_L004.collapsed.mapped.bam
/maps/projects/lundbeck/scratch/sslib_devel/mapped/tmp/106503P-iadk-LV2002541205-P5s-srmQ-E-300bp-C7-cutsmart_S93_L002.paired.bam
/maps/projects/lundbeck/scratch/sslib_devel/mapped/tmp/106503P-iadk-LV2002541205-P5s-srmQ-E-300bp-C7-cutsmart_S93_L002.paired.sam
/maps/projects/lundbeck/scratch/sslib_devel/mapped/trimmed/106503P-iadk-LV2002541205-P5s-srmQ-E-300bp-C7-cutsmart_S93_L002.pair1.truncated.gz
/maps/projects/lundbeck/scratch/sslib_devel/mapped/tmp/106503P-iadk-LV2002541205-P5s-srmQ-E-300bp-C7-cutsmart_S93_L002.pair1.truncated.gz.sai
/maps/projects/lundbeck/scratch/sslib_devel/mapped/trimmed/106503P-iadk-LV2002541205-P5s-srmQ-E-300bp-C7-cutsmart_S93_L002.pair2.truncated.gz
/maps/projects/lundbeck/scratch/sslib_devel/mapped/tmp/106503P-iadk-LV2002541205-P5s-srmQ-E-300bp-C7-cutsmart_S93_L002.pair2.truncated.gz.sai
/maps/projects/lundbeck/scratch/sslib_devel/fastqs/106503P-iadk-LV2002541205-P5s-srmQ-E-300bp-C7-cutsmart_S93_L002_R1_001.fastq.gz
/maps/projects/lundbeck/scratch/sslib_devel/fastqs/106503P-iadk-LV2002541205-P5s-srmQ-E-300bp-C7-cutsmart_S93_L002_R2_001.fastq.gz
/maps/projects/lundbeck/scratch/sslib_devel/mapped/trimmed/106503P-iadk-LV2002541205-P5s-srmQ-E-300bp-C7-cutsmart_S93_L002.pair1.truncated.gz
/maps/projects/lundbeck/scratch/sslib_devel/mapped/trimmed/106503P-iadk-LV2002541205-P5s-srmQ-E-300bp-C7-cutsmart_S93_L002.pair2.truncated.gz
/maps/projects/lundbeck/scratch/sslib_devel/mapped/tmp/106503P-iadk-LV2002541205-P5s-srmQ-E-300bp-C7-cutsmart_S93_L001.paired.bam
/maps/projects/lundbeck/scratch/sslib_devel/mapped/tmp/106503P-iadk-LV2002541205-P5s-srmQ-E-300bp-C7-cutsmart_S93_L001.paired.sam
/maps/projects/lundbeck/scratch/sslib_devel/mapped/trimmed/106503P-iadk-LV2002541205-P5s-srmQ-E-300bp-C7-cutsmart_S93_L001.pair1.truncated.gz
/maps/projects/lundbeck/scratch/sslib_devel/mapped/tmp/106503P-iadk-LV2002541205-P5s-srmQ-E-300bp-C7-cutsmart_S93_L001.pair1.truncated.gz.sai
/maps/projects/lundbeck/scratch/sslib_devel/mapped/trimmed/106503P-iadk-LV2002541205-P5s-srmQ-E-300bp-C7-cutsmart_S93_L001.pair2.truncated.gz
/maps/projects/lundbeck/scratch/sslib_devel/mapped/tmp/106503P-iadk-LV2002541205-P5s-srmQ-E-300bp-C7-cutsmart_S93_L001.pair2.truncated.gz.sai
/maps/projects/lundbeck/scratch/sslib_devel/fastqs/106503P-iadk-LV2002541205-P5s-srmQ-E-300bp-C7-cutsmart_S93_L001_R1_001.fastq.gz
/maps/projects/lundbeck/scratch/sslib_devel/fastqs/106503P-iadk-LV2002541205-P5s-srmQ-E-300bp-C7-cutsmart_S93_L001_R2_001.fastq.gz
/maps/projects/lundbeck/scratch/sslib_devel/mapped/trimmed/106503P-iadk-LV2002541205-P5s-srmQ-E-300bp-C7-cutsmart_S93_L001.pair1.truncated.gz
/maps/projects/lundbeck/scratch/sslib_devel/mapped/trimmed/106503P-iadk-LV2002541205-P5s-srmQ-E-300bp-C7-cutsmart_S93_L001.pair2.truncated.gz
/maps/projects/lundbeck/scratch/sslib_devel/mapped/tmp/106503P-iadk-LV2002541205-P5s-srmQ-E-300bp-C7-cutsmart_S93_L003.paired.bam
/maps/projects/lundbeck/scratch/sslib_devel/mapped/tmp/106503P-iadk-LV2002541205-P5s-srmQ-E-300bp-C7-cutsmart_S93_L003.paired.sam
/maps/projects/lundbeck/scratch/sslib_devel/mapped/trimmed/106503P-iadk-LV2002541205-P5s-srmQ-E-300bp-C7-cutsmart_S93_L003.pair1.truncated.gz
/maps/projects/lundbeck/scratch/sslib_devel/mapped/tmp/106503P-iadk-LV2002541205-P5s-srmQ-E-300bp-C7-cutsmart_S93_L003.pair1.truncated.gz.sai
/maps/projects/lundbeck/scratch/sslib_devel/mapped/trimmed/106503P-iadk-LV2002541205-P5s-srmQ-E-300bp-C7-cutsmart_S93_L003.pair2.truncated.gz
/maps/projects/lundbeck/scratch/sslib_devel/mapped/tmp/106503P-iadk-LV2002541205-P5s-srmQ-E-300bp-C7-cutsmart_S93_L003.pair2.truncated.gz.sai
/maps/projects/lundbeck/scratch/sslib_devel/fastqs/106503P-iadk-LV2002541205-P5s-srmQ-E-300bp-C7-cutsmart_S93_L003_R1_001.fastq.gz
/maps/projects/lundbeck/scratch/sslib_devel/fastqs/106503P-iadk-LV2002541205-P5s-srmQ-E-300bp-C7-cutsmart_S93_L003_R2_001.fastq.gz
/maps/projects/lundbeck/scratch/sslib_devel/mapped/trimmed/106503P-iadk-LV2002541205-P5s-srmQ-E-300bp-C7-cutsmart_S93_L003.pair1.truncated.gz
/maps/projects/lundbeck/scratch/sslib_devel/mapped/trimmed/106503P-iadk-LV2002541205-P5s-srmQ-E-300bp-C7-cutsmart_S93_L003.pair2.truncated.gz
/maps/projects/lundbeck/scratch/sslib_devel/mapped/tmp/106503P-iadk-LV2002541205-P5s-srmQ-E-300bp-C7-cutsmart_S93_L004.paired.bam
/maps/projects/lundbeck/scratch/sslib_devel/mapped/tmp/106503P-iadk-LV2002541205-P5s-srmQ-E-300bp-C7-cutsmart_S93_L004.paired.sam
/maps/projects/lundbeck/scratch/sslib_devel/mapped/trimmed/106503P-iadk-LV2002541205-P5s-srmQ-E-300bp-C7-cutsmart_S93_L004.pair1.truncated.gz
/maps/projects/lundbeck/scratch/sslib_devel/mapped/tmp/106503P-iadk-LV2002541205-P5s-srmQ-E-300bp-C7-cutsmart_S93_L004.pair1.truncated.gz.sai
/maps/projects/lundbeck/scratch/sslib_devel/mapped/trimmed/106503P-iadk-LV2002541205-P5s-srmQ-E-300bp-C7-cutsmart_S93_L004.pair2.truncated.gz
/maps/projects/lundbeck/scratch/sslib_devel/mapped/tmp/106503P-iadk-LV2002541205-P5s-srmQ-E-300bp-C7-cutsmart_S93_L004.pair2.truncated.gz.sai
/maps/projects/lundbeck/scratch/sslib_devel/fastqs/106503P-iadk-LV2002541205-P5s-srmQ-E-300bp-C7-cutsmart_S93_L004_R1_001.fastq.gz
/maps/projects/lundbeck/scratch/sslib_devel/fastqs/106503P-iadk-LV2002541205-P5s-srmQ-E-300bp-C7-cutsmart_S93_L004_R2_001.fastq.gz
/maps/projects/lundbeck/scratch/sslib_devel/mapped/trimmed/106503P-iadk-LV2002541205-P5s-srmQ-E-300bp-C7-cutsmart_S93_L004.pair1.truncated.gz
/maps/projects/lundbeck/scratch/sslib_devel/mapped/trimmed/106503P-iadk-LV2002541205-P5s-srmQ-E-300bp-C7-cutsmart_S93_L004.pair2.truncated.gz
/maps/projects/lundbeck/scratch/sslib_devel/mapped/tmp/106503P-iadk-LV2002541205-P5s-srmQ-E-300bp-C7-cutsmart_S93_L002.collapsed.bam
/maps/projects/lundbeck/scratch/sslib_devel/mapped/tmp/106503P-iadk-LV2002541205-P5s-srmQ-E-300bp-C7-cutsmart_S93_L002.collapsed.sam
/maps/projects/lundbeck/scratch/sslib_devel/mapped/trimmed/106503P-iadk-LV2002541205-P5s-srmQ-E-300bp-C7-cutsmart_S93_L002.collapsed.gz
/maps/projects/lundbeck/scratch/sslib_devel/mapped/tmp/106503P-iadk-LV2002541205-P5s-srmQ-E-300bp-C7-cutsmart_S93_L002.collapsed.gz.sai
/maps/projects/lundbeck/scratch/sslib_devel/mapped/trimmed/106503P-iadk-LV2002541205-P5s-srmQ-E-300bp-C7-cutsmart_S93_L002.collapsed.gz
/maps/projects/lundbeck/scratch/sslib_devel/mapped/tmp/106503P-iadk-LV2002541205-P5s-srmQ-E-300bp-C7-cutsmart_S93_L001.collapsed.bam
/maps/projects/lundbeck/scratch/sslib_devel/mapped/tmp/106503P-iadk-LV2002541205-P5s-srmQ-E-300bp-C7-cutsmart_S93_L001.collapsed.sam
/maps/projects/lundbeck/scratch/sslib_devel/mapped/trimmed/106503P-iadk-LV2002541205-P5s-srmQ-E-300bp-C7-cutsmart_S93_L001.collapsed.gz
/maps/projects/lundbeck/scratch/sslib_devel/mapped/tmp/106503P-iadk-LV2002541205-P5s-srmQ-E-300bp-C7-cutsmart_S93_L001.collapsed.gz.sai
/maps/projects/lundbeck/scratch/sslib_devel/mapped/trimmed/106503P-iadk-LV2002541205-P5s-srmQ-E-300bp-C7-cutsmart_S93_L001.collapsed.gz
/maps/projects/lundbeck/scratch/sslib_devel/mapped/tmp/106503P-iadk-LV2002541205-P5s-srmQ-E-300bp-C7-cutsmart_S93_L003.collapsed.bam
/maps/projects/lundbeck/scratch/sslib_devel/mapped/tmp/106503P-iadk-LV2002541205-P5s-srmQ-E-300bp-C7-cutsmart_S93_L003.collapsed.sam
/maps/projects/lundbeck/scratch/sslib_devel/mapped/trimmed/106503P-iadk-LV2002541205-P5s-srmQ-E-300bp-C7-cutsmart_S93_L003.collapsed.gz
/maps/projects/lundbeck/scratch/sslib_devel/mapped/tmp/106503P-iadk-LV2002541205-P5s-srmQ-E-300bp-C7-cutsmart_S93_L003.collapsed.gz.sai
/maps/projects/lundbeck/scratch/sslib_devel/mapped/trimmed/106503P-iadk-LV2002541205-P5s-srmQ-E-300bp-C7-cutsmart_S93_L003.collapsed.gz
/maps/projects/lundbeck/scratch/sslib_devel/mapped/tmp/106503P-iadk-LV2002541205-P5s-srmQ-E-300bp-C7-cutsmart_S93_L004.collapsed.bam
/maps/projects/lundbeck/scratch/sslib_devel/mapped/tmp/106503P-iadk-LV2002541205-P5s-srmQ-E-300bp-C7-cutsmart_S93_L004.collapsed.sam
/maps/projects/lundbeck/scratch/sslib_devel/mapped/trimmed/106503P-iadk-LV2002541205-P5s-srmQ-E-300bp-C7-cutsmart_S93_L004.collapsed.gz
/maps/projects/lundbeck/scratch/sslib_devel/mapped/tmp/106503P-iadk-LV2002541205-P5s-srmQ-E-300bp-C7-cutsmart_S93_L004.collapsed.gz.sai
/maps/projects/lundbeck/scratch/sslib_devel/mapped/trimmed/106503P-iadk-LV2002541205-P5s-srmQ-E-300bp-C7-cutsmart_S93_L004.collapsed.gz
/maps/projects/lundbeck/scratch/sslib_devel/mapped/tmp/106503P-iadk-LV2002541205-P5s-srmQ-E-300bp-D10-cutsmart-rSAP.merged.bam
/maps/projects/lundbeck/scratch/sslib_devel/mapped/tmp/106503P-iadk-LV2002541205-P5s-srmQ-E-300bp-D10-cutsmart-rSAP_S94_L003.paired.mapped.bam
/maps/projects/lundbeck/scratch/sslib_devel/mapped/tmp/106503P-iadk-LV2002541205-P5s-srmQ-E-300bp-D10-cutsmart-rSAP_S94_L002.paired.mapped.bam
/maps/projects/lundbeck/scratch/sslib_devel/mapped/tmp/106503P-iadk-LV2002541205-P5s-srmQ-E-300bp-D10-cutsmart-rSAP_S94_L004.paired.mapped.bam
/maps/projects/lundbeck/scratch/sslib_devel/mapped/tmp/106503P-iadk-LV2002541205-P5s-srmQ-E-300bp-D10-cutsmart-rSAP_S94_L001.paired.mapped.bam
/maps/projects/lundbeck/scratch/sslib_devel/mapped/tmp/106503P-iadk-LV2002541205-P5s-srmQ-E-300bp-D10-cutsmart-rSAP_S94_L003.collapsed.mapped.bam
/maps/projects/lundbeck/scratch/sslib_devel/mapped/tmp/106503P-iadk-LV2002541205-P5s-srmQ-E-300bp-D10-cutsmart-rSAP_S94_L002.collapsed.mapped.bam
/maps/projects/lundbeck/scratch/sslib_devel/mapped/tmp/106503P-iadk-LV2002541205-P5s-srmQ-E-300bp-D10-cutsmart-rSAP_S94_L004.collapsed.mapped.bam
/maps/projects/lundbeck/scratch/sslib_devel/mapped/tmp/106503P-iadk-LV2002541205-P5s-srmQ-E-300bp-D10-cutsmart-rSAP_S94_L001.collapsed.mapped.bam
/maps/projects/lundbeck/scratch/sslib_devel/mapped/tmp/106503P-iadk-LV2002541205-P5s-srmQ-E-300bp-D10-cutsmart-rSAP_S94_L003.paired.bam
/maps/projects/lundbeck/scratch/sslib_devel/mapped/tmp/106503P-iadk-LV2002541205-P5s-srmQ-E-300bp-D10-cutsmart-rSAP_S94_L003.paired.sam
/maps/projects/lundbeck/scratch/sslib_devel/mapped/trimmed/106503P-iadk-LV2002541205-P5s-srmQ-E-300bp-D10-cutsmart-rSAP_S94_L003.pair1.truncated.gz
/maps/projects/lundbeck/scratch/sslib_devel/mapped/tmp/106503P-iadk-LV2002541205-P5s-srmQ-E-300bp-D10-cutsmart-rSAP_S94_L003.pair1.truncated.gz.sai
/maps/projects/lundbeck/scratch/sslib_devel/mapped/trimmed/106503P-iadk-LV2002541205-P5s-srmQ-E-300bp-D10-cutsmart-rSAP_S94_L003.pair2.truncated.gz
/maps/projects/lundbeck/scratch/sslib_devel/mapped/tmp/106503P-iadk-LV2002541205-P5s-srmQ-E-300bp-D10-cutsmart-rSAP_S94_L003.pair2.truncated.gz.sai
/maps/projects/lundbeck/scratch/sslib_devel/fastqs/106503P-iadk-LV2002541205-P5s-srmQ-E-300bp-D10-cutsmart-rSAP_S94_L003_R1_001.fastq.gz
/maps/projects/lundbeck/scratch/sslib_devel/fastqs/106503P-iadk-LV2002541205-P5s-srmQ-E-300bp-D10-cutsmart-rSAP_S94_L003_R2_001.fastq.gz
/maps/projects/lundbeck/scratch/sslib_devel/mapped/trimmed/106503P-iadk-LV2002541205-P5s-srmQ-E-300bp-D10-cutsmart-rSAP_S94_L003.pair1.truncated.gz
/maps/projects/lundbeck/scratch/sslib_devel/mapped/trimmed/106503P-iadk-LV2002541205-P5s-srmQ-E-300bp-D10-cutsmart-rSAP_S94_L003.pair2.truncated.gz
/maps/projects/lundbeck/scratch/sslib_devel/mapped/tmp/106503P-iadk-LV2002541205-P5s-srmQ-E-300bp-D10-cutsmart-rSAP_S94_L002.paired.bam
/maps/projects/lundbeck/scratch/sslib_devel/mapped/tmp/106503P-iadk-LV2002541205-P5s-srmQ-E-300bp-D10-cutsmart-rSAP_S94_L002.paired.sam
/maps/projects/lundbeck/scratch/sslib_devel/mapped/trimmed/106503P-iadk-LV2002541205-P5s-srmQ-E-300bp-D10-cutsmart-rSAP_S94_L002.pair1.truncated.gz
/maps/projects/lundbeck/scratch/sslib_devel/mapped/tmp/106503P-iadk-LV2002541205-P5s-srmQ-E-300bp-D10-cutsmart-rSAP_S94_L002.pair1.truncated.gz.sai
/maps/projects/lundbeck/scratch/sslib_devel/mapped/trimmed/106503P-iadk-LV2002541205-P5s-srmQ-E-300bp-D10-cutsmart-rSAP_S94_L002.pair2.truncated.gz
/maps/projects/lundbeck/scratch/sslib_devel/mapped/tmp/106503P-iadk-LV2002541205-P5s-srmQ-E-300bp-D10-cutsmart-rSAP_S94_L002.pair2.truncated.gz.sai
/maps/projects/lundbeck/scratch/sslib_devel/fastqs/106503P-iadk-LV2002541205-P5s-srmQ-E-300bp-D10-cutsmart-rSAP_S94_L002_R1_001.fastq.gz
/maps/projects/lundbeck/scratch/sslib_devel/fastqs/106503P-iadk-LV2002541205-P5s-srmQ-E-300bp-D10-cutsmart-rSAP_S94_L002_R2_001.fastq.gz
/maps/projects/lundbeck/scratch/sslib_devel/mapped/trimmed/106503P-iadk-LV2002541205-P5s-srmQ-E-300bp-D10-cutsmart-rSAP_S94_L002.pair1.truncated.gz
/maps/projects/lundbeck/scratch/sslib_devel/mapped/trimmed/106503P-iadk-LV2002541205-P5s-srmQ-E-300bp-D10-cutsmart-rSAP_S94_L002.pair2.truncated.gz
/maps/projects/lundbeck/scratch/sslib_devel/mapped/tmp/106503P-iadk-LV2002541205-P5s-srmQ-E-300bp-D10-cutsmart-rSAP_S94_L004.paired.bam
/maps/projects/lundbeck/scratch/sslib_devel/mapped/tmp/106503P-iadk-LV2002541205-P5s-srmQ-E-300bp-D10-cutsmart-rSAP_S94_L004.paired.sam
/maps/projects/lundbeck/scratch/sslib_devel/mapped/trimmed/106503P-iadk-LV2002541205-P5s-srmQ-E-300bp-D10-cutsmart-rSAP_S94_L004.pair1.truncated.gz
/maps/projects/lundbeck/scratch/sslib_devel/mapped/tmp/106503P-iadk-LV2002541205-P5s-srmQ-E-300bp-D10-cutsmart-rSAP_S94_L004.pair1.truncated.gz.sai
/maps/projects/lundbeck/scratch/sslib_devel/mapped/trimmed/106503P-iadk-LV2002541205-P5s-srmQ-E-300bp-D10-cutsmart-rSAP_S94_L004.pair2.truncated.gz
/maps/projects/lundbeck/scratch/sslib_devel/mapped/tmp/106503P-iadk-LV2002541205-P5s-srmQ-E-300bp-D10-cutsmart-rSAP_S94_L004.pair2.truncated.gz.sai
/maps/projects/lundbeck/scratch/sslib_devel/fastqs/106503P-iadk-LV2002541205-P5s-srmQ-E-300bp-D10-cutsmart-rSAP_S94_L004_R1_001.fastq.gz
/maps/projects/lundbeck/scratch/sslib_devel/fastqs/106503P-iadk-LV2002541205-P5s-srmQ-E-300bp-D10-cutsmart-rSAP_S94_L004_R2_001.fastq.gz
/maps/projects/lundbeck/scratch/sslib_devel/mapped/trimmed/106503P-iadk-LV2002541205-P5s-srmQ-E-300bp-D10-cutsmart-rSAP_S94_L004.pair1.truncated.gz
/maps/projects/lundbeck/scratch/sslib_devel/mapped/trimmed/106503P-iadk-LV2002541205-P5s-srmQ-E-300bp-D10-cutsmart-rSAP_S94_L004.pair2.truncated.gz
/maps/projects/lundbeck/scratch/sslib_devel/mapped/tmp/106503P-iadk-LV2002541205-P5s-srmQ-E-300bp-D10-cutsmart-rSAP_S94_L001.paired.bam
/maps/projects/lundbeck/scratch/sslib_devel/mapped/tmp/106503P-iadk-LV2002541205-P5s-srmQ-E-300bp-D10-cutsmart-rSAP_S94_L001.paired.sam
/maps/projects/lundbeck/scratch/sslib_devel/mapped/trimmed/106503P-iadk-LV2002541205-P5s-srmQ-E-300bp-D10-cutsmart-rSAP_S94_L001.pair1.truncated.gz
/maps/projects/lundbeck/scratch/sslib_devel/mapped/tmp/106503P-iadk-LV2002541205-P5s-srmQ-E-300bp-D10-cutsmart-rSAP_S94_L001.pair1.truncated.gz.sai
/maps/projects/lundbeck/scratch/sslib_devel/mapped/trimmed/106503P-iadk-LV2002541205-P5s-srmQ-E-300bp-D10-cutsmart-rSAP_S94_L001.pair2.truncated.gz
/maps/projects/lundbeck/scratch/sslib_devel/mapped/tmp/106503P-iadk-LV2002541205-P5s-srmQ-E-300bp-D10-cutsmart-rSAP_S94_L001.pair2.truncated.gz.sai
/maps/projects/lundbeck/scratch/sslib_devel/fastqs/106503P-iadk-LV2002541205-P5s-srmQ-E-300bp-D10-cutsmart-rSAP_S94_L001_R1_001.fastq.gz
/maps/projects/lundbeck/scratch/sslib_devel/fastqs/106503P-iadk-LV2002541205-P5s-srmQ-E-300bp-D10-cutsmart-rSAP_S94_L001_R2_001.fastq.gz
/maps/projects/lundbeck/scratch/sslib_devel/mapped/trimmed/106503P-iadk-LV2002541205-P5s-srmQ-E-300bp-D10-cutsmart-rSAP_S94_L001.pair1.truncated.gz
/maps/projects/lundbeck/scratch/sslib_devel/mapped/trimmed/106503P-iadk-LV2002541205-P5s-srmQ-E-300bp-D10-cutsmart-rSAP_S94_L001.pair2.truncated.gz
/maps/projects/lundbeck/scratch/sslib_devel/mapped/tmp/106503P-iadk-LV2002541205-P5s-srmQ-E-300bp-D10-cutsmart-rSAP_S94_L003.collapsed.bam
/maps/projects/lundbeck/scratch/sslib_devel/mapped/tmp/106503P-iadk-LV2002541205-P5s-srmQ-E-300bp-D10-cutsmart-rSAP_S94_L003.collapsed.sam
/maps/projects/lundbeck/scratch/sslib_devel/mapped/trimmed/106503P-iadk-LV2002541205-P5s-srmQ-E-300bp-D10-cutsmart-rSAP_S94_L003.collapsed.gz
/maps/projects/lundbeck/scratch/sslib_devel/mapped/tmp/106503P-iadk-LV2002541205-P5s-srmQ-E-300bp-D10-cutsmart-rSAP_S94_L003.collapsed.gz.sai
/maps/projects/lundbeck/scratch/sslib_devel/mapped/trimmed/106503P-iadk-LV2002541205-P5s-srmQ-E-300bp-D10-cutsmart-rSAP_S94_L003.collapsed.gz
/maps/projects/lundbeck/scratch/sslib_devel/mapped/tmp/106503P-iadk-LV2002541205-P5s-srmQ-E-300bp-D10-cutsmart-rSAP_S94_L002.collapsed.bam
/maps/projects/lundbeck/scratch/sslib_devel/mapped/tmp/106503P-iadk-LV2002541205-P5s-srmQ-E-300bp-D10-cutsmart-rSAP_S94_L002.collapsed.sam
/maps/projects/lundbeck/scratch/sslib_devel/mapped/trimmed/106503P-iadk-LV2002541205-P5s-srmQ-E-300bp-D10-cutsmart-rSAP_S94_L002.collapsed.gz
/maps/projects/lundbeck/scratch/sslib_devel/mapped/tmp/106503P-iadk-LV2002541205-P5s-srmQ-E-300bp-D10-cutsmart-rSAP_S94_L002.collapsed.gz.sai
/maps/projects/lundbeck/scratch/sslib_devel/mapped/trimmed/106503P-iadk-LV2002541205-P5s-srmQ-E-300bp-D10-cutsmart-rSAP_S94_L002.collapsed.gz
/maps/projects/lundbeck/scratch/sslib_devel/mapped/tmp/106503P-iadk-LV2002541205-P5s-srmQ-E-300bp-D10-cutsmart-rSAP_S94_L004.collapsed.bam
/maps/projects/lundbeck/scratch/sslib_devel/mapped/tmp/106503P-iadk-LV2002541205-P5s-srmQ-E-300bp-D10-cutsmart-rSAP_S94_L004.collapsed.sam
/maps/projects/lundbeck/scratch/sslib_devel/mapped/trimmed/106503P-iadk-LV2002541205-P5s-srmQ-E-300bp-D10-cutsmart-rSAP_S94_L004.collapsed.gz
/maps/projects/lundbeck/scratch/sslib_devel/mapped/tmp/106503P-iadk-LV2002541205-P5s-srmQ-E-300bp-D10-cutsmart-rSAP_S94_L004.collapsed.gz.sai
/maps/projects/lundbeck/scratch/sslib_devel/mapped/trimmed/106503P-iadk-LV2002541205-P5s-srmQ-E-300bp-D10-cutsmart-rSAP_S94_L004.collapsed.gz
/maps/projects/lundbeck/scratch/sslib_devel/mapped/tmp/106503P-iadk-LV2002541205-P5s-srmQ-E-300bp-D10-cutsmart-rSAP_S94_L001.collapsed.bam
/maps/projects/lundbeck/scratch/sslib_devel/mapped/tmp/106503P-iadk-LV2002541205-P5s-srmQ-E-300bp-D10-cutsmart-rSAP_S94_L001.collapsed.sam
/maps/projects/lundbeck/scratch/sslib_devel/mapped/trimmed/106503P-iadk-LV2002541205-P5s-srmQ-E-300bp-D10-cutsmart-rSAP_S94_L001.collapsed.gz
/maps/projects/lundbeck/scratch/sslib_devel/mapped/tmp/106503P-iadk-LV2002541205-P5s-srmQ-E-300bp-D10-cutsmart-rSAP_S94_L001.collapsed.gz.sai
/maps/projects/lundbeck/scratch/sslib_devel/mapped/trimmed/106503P-iadk-LV2002541205-P5s-srmQ-E-300bp-D10-cutsmart-rSAP_S94_L001.collapsed.gz
